
Microsoft Visual Studio Solution File, Format Version 12.00
# Visual Studio Version 16
VisualStudioVersion = 16.0.29709.97
MinimumVisualStudioVersion = 10.0.40219.1
Project("{FAE04EC0-301F-11D3-BF4B-00C04F79EFBC}") = "cSharp_practice", "cSharp_practice\cSharp_practice.csproj", "{EB18D787-9798-410D-903C-AD0268E3A942}"
EndProject
Project("{FAE04EC0-301F-11D3-BF4B-00C04F79EFBC}") = "cSharpAssignment1", "cSharpAssignment1\cSharpAssignment1.csproj", "{55B12383-CA10-49A8-9FE4-12851A70F941}"
EndProject
Global
	GlobalSection(SolutionConfigurationPlatforms) = preSolution
		Debug|Any CPU = Debug|Any CPU
		Release|Any CPU = Release|Any CPU
	EndGlobalSection
	GlobalSection(ProjectConfigurationPlatforms) = postSolution
		{EB18D787-9798-410D-903C-AD0268E3A942}.Debug|Any CPU.ActiveCfg = Debug|Any CPU
		{EB18D787-9798-410D-903C-AD0268E3A942}.Debug|Any CPU.Build.0 = Debug|Any CPU
		{EB18D787-9798-410D-903C-AD0268E3A942}.Release|Any CPU.ActiveCfg = Release|Any CPU
		{EB18D787-9798-410D-903C-AD0268E3A942}.Release|Any CPU.Build.0 = Release|Any CPU
		{55B12383-CA10-49A8-9FE4-12851A70F941}.Debug|Any CPU.ActiveCfg = Debug|Any CPU
		{55B12383-CA10-49A8-9FE4-12851A70F941}.Debug|Any CPU.Build.0 = Debug|Any CPU
		{55B12383-CA10-49A8-9FE4-12851A70F941}.Release|Any CPU.ActiveCfg = Release|Any CPU
		{55B12383-CA10-49A8-9FE4-12851A70F941}.Release|Any CPU.Build.0 = Release|Any CPU
	EndGlobalSection
	GlobalSection(SolutionProperties) = preSolution
		HideSolutionNode = FALSE
	EndGlobalSection
	GlobalSection(ExtensibilityGlobals) = postSolution
		SolutionGuid = {3EA7B5EF-2CBE-4E9F-8EC6-45C54A723C8E}
	EndGlobalSection
EndGlobal
